
Microsoft Visual Studio Solution File, Format Version 12.00
# Visual Studio Version 16
VisualStudioVersion = 16.0.31424.327
MinimumVisualStudioVersion = 10.0.40219.1
Project("{9A19103F-16F7-4668-BE54-9A1E7A4F7556}") = "TazBot.Service", "TazBot.Service\TazBot.Service.csproj", "{235C9429-E9A2-4DD0-ACFA-43F64554424D}"
EndProject
Project("{FAE04EC0-301F-11D3-BF4B-00C04F79EFBC}") = "TazBot.Service.UnitTests", "tests\TazBot.Service.UnitTests\TazBot.Service.UnitTests.csproj", "{4848EE25-9808-4F99-BA04-5D1ADB5642F4}"
EndProject
Global
	GlobalSection(SolutionConfigurationPlatforms) = preSolution
		Debug|Any CPU = Debug|Any CPU
		Release|Any CPU = Release|Any CPU
	EndGlobalSection
	GlobalSection(ProjectConfigurationPlatforms) = postSolution
		{235C9429-E9A2-4DD0-ACFA-43F64554424D}.Debug|Any CPU.ActiveCfg = Debug|Any CPU
		{235C9429-E9A2-4DD0-ACFA-43F64554424D}.Debug|Any CPU.Build.0 = Debug|Any CPU
		{235C9429-E9A2-4DD0-ACFA-43F64554424D}.Release|Any CPU.ActiveCfg = Release|Any CPU
		{235C9429-E9A2-4DD0-ACFA-43F64554424D}.Release|Any CPU.Build.0 = Release|Any CPU
		{4848EE25-9808-4F99-BA04-5D1ADB5642F4}.Debug|Any CPU.ActiveCfg = Debug|Any CPU
		{4848EE25-9808-4F99-BA04-5D1ADB5642F4}.Debug|Any CPU.Build.0 = Debug|Any CPU
		{4848EE25-9808-4F99-BA04-5D1ADB5642F4}.Release|Any CPU.ActiveCfg = Release|Any CPU
		{4848EE25-9808-4F99-BA04-5D1ADB5642F4}.Release|Any CPU.Build.0 = Release|Any CPU
	EndGlobalSection
	GlobalSection(SolutionProperties) = preSolution
		HideSolutionNode = FALSE
	EndGlobalSection
	GlobalSection(ExtensibilityGlobals) = postSolution
		SolutionGuid = {DDEE14EC-EB27-46A9-9188-9F1B95F7D294}
	EndGlobalSection
EndGlobal
